
Microsoft Visual Studio Solution File, Format Version 12.00
# Blend for Visual Studio Version 16
VisualStudioVersion = 16.0.31025.194
MinimumVisualStudioVersion = 10.0.40219.1
Project("{F184B08F-C81C-45F6-A57F-5ABD9991F28F}") = "WPF_SYSTools", "WPF_SYSTools\WPF_SYSTools.vbproj", "{0144CF1F-97B0-43A4-8B05-21D85ED21D34}"
EndProject
Global
	GlobalSection(SolutionConfigurationPlatforms) = preSolution
		Debug|Any CPU = Debug|Any CPU
		Release|Any CPU = Release|Any CPU
	EndGlobalSection
	GlobalSection(ProjectConfigurationPlatforms) = postSolution
		{0144CF1F-97B0-43A4-8B05-21D85ED21D34}.Debug|Any CPU.ActiveCfg = Debug|Any CPU
		{0144CF1F-97B0-43A4-8B05-21D85ED21D34}.Debug|Any CPU.Build.0 = Debug|Any CPU
		{0144CF1F-97B0-43A4-8B05-21D85ED21D34}.Release|Any CPU.ActiveCfg = Release|Any CPU
		{0144CF1F-97B0-43A4-8B05-21D85ED21D34}.Release|Any CPU.Build.0 = Release|Any CPU
	EndGlobalSection
	GlobalSection(SolutionProperties) = preSolution
		HideSolutionNode = FALSE
	EndGlobalSection
	GlobalSection(ExtensibilityGlobals) = postSolution
		SolutionGuid = {87D14C2F-2990-4CAD-9952-28E6E1FA23C0}
	EndGlobalSection
EndGlobal
